{
    "_readme": [
        "This file locks the dependencies of your project to a known state",
        "Read more about it at https://getcomposer.org/doc/01-basic-usage.md#installing-dependencies",
        "This file is @generated automatically"
    ],
    "content-hash": "e6a5ef9219c3f4872aaeb3217f2e05a2",
    "packages": [
        {
            "name": "mongdch/mon-util",
            "version": "1.3.3",
            "source": {
                "type": "git",
                "url": "https://github.com/MonGDCH/mon-util.git",
                "reference": "e8c871154f736c659ade91bfa5d2c402cb860ecf"
            },
            "dist": {
                "type": "zip",
                "url": "https://api.github.com/repos/MonGDCH/mon-util/zipball/e8c871154f736c659ade91bfa5d2c402cb860ecf",
                "reference": "e8c871154f736c659ade91bfa5d2c402cb860ecf",
                "shasum": "",
                "mirrors": [
                    {
                        "url": "https://mirrors.aliyun.com/composer/dists/%package%/%reference%.%type%",
                        "preferred": true
                    }
                ]
            },
            "require": {
                "php": ">=5.6.0"
            },
            "type": "library",
            "autoload": {
                "psr-4": {
                    "mon\\util\\": "src/"
                },
                "files": [
                    "src/functions.php"
                ]
            },
            "notification-url": "https://packagist.org/downloads/",
            "license": [
                "Apache-2.0"
            ],
            "authors": [
                {
                    "name": "MonGDCH",
                    "email": "985558837@qq.com"
                }
            ],
            "description": "常用的PHP工具类、方法包，包含了各种各式各样的工具，如：容器、时间、验证器、多语言、图片、二维码、IP地址、文件上传、文件操作、加解密、数据字典、各种算法等等等等。。。",
            "homepage": "http://www.gdmon.com",
            "keywords": [
                "container",
                "date",
                "file",
                "iplocation",
                "lang",
                "php",
                "qrcode",
                "tree",
                "upload",
                "util",
                "validate",
                "工具"
            ],
            "support": {
                "issues": "https://github.com/MonGDCH/mon-util/issues",
                "source": "https://github.com/MonGDCH/mon-util/tree/1.3.3"
            },
            "time": "2021-07-26T06:00:07+00:00"
        },
        {
            "name": "nikic/fast-route",
            "version": "v1.3.0",
            "source": {
                "type": "git",
                "url": "https://github.com/nikic/FastRoute.git",
                "reference": "181d480e08d9476e61381e04a71b34dc0432e812"
            },
            "dist": {
                "type": "zip",
                "url": "https://api.github.com/repos/nikic/FastRoute/zipball/181d480e08d9476e61381e04a71b34dc0432e812",
                "reference": "181d480e08d9476e61381e04a71b34dc0432e812",
                "shasum": "",
                "mirrors": [
                    {
                        "url": "https://mirrors.aliyun.com/composer/dists/%package%/%reference%.%type%",
                        "preferred": true
                    }
                ]
            },
            "require": {
                "php": ">=5.4.0"
            },
            "require-dev": {
                "phpunit/phpunit": "^4.8.35|~5.7"
            },
            "type": "library",
            "autoload": {
                "psr-4": {
                    "FastRoute\\": "src/"
                },
                "files": [
                    "src/functions.php"
                ]
            },
            "notification-url": "https://packagist.org/downloads/",
            "license": [
                "BSD-3-Clause"
            ],
            "authors": [
                {
                    "name": "Nikita Popov",
                    "email": "nikic@php.net"
                }
            ],
            "description": "Fast request router for PHP",
            "keywords": [
                "router",
                "routing"
            ],
            "support": {
                "issues": "https://github.com/nikic/FastRoute/issues",
                "source": "https://github.com/nikic/FastRoute/tree/master"
            },
            "time": "2018-02-13T20:26:39+00:00"
        }
    ],
    "packages-dev": [],
    "aliases": [],
    "minimum-stability": "stable",
    "stability-flags": [],
    "prefer-stable": false,
    "prefer-lowest": false,
    "platform": {
        "php": ">=5.6.0"
    },
    "platform-dev": [],
    "plugin-api-version": "2.0.0"
}
